
Microsoft Visual Studio Solution File, Format Version 12.00
# Visual Studio Version 17
VisualStudioVersion = 17.5.002.0
MinimumVisualStudioVersion = 10.0.40219.1
Project("{9A19103F-16F7-4668-BE54-9A1E7A4F7556}") = "HouseRules", "HouseRules.csproj", "{9C51948C-4377-493D-8CCF-E30A4595C897}"
EndProject
Global
	GlobalSection(SolutionConfigurationPlatforms) = preSolution
		Debug|Any CPU = Debug|Any CPU
		Release|Any CPU = Release|Any CPU
	EndGlobalSection
	GlobalSection(ProjectConfigurationPlatforms) = postSolution
		{9C51948C-4377-493D-8CCF-E30A4595C897}.Debug|Any CPU.ActiveCfg = Debug|Any CPU
		{9C51948C-4377-493D-8CCF-E30A4595C897}.Debug|Any CPU.Build.0 = Debug|Any CPU
		{9C51948C-4377-493D-8CCF-E30A4595C897}.Release|Any CPU.ActiveCfg = Release|Any CPU
		{9C51948C-4377-493D-8CCF-E30A4595C897}.Release|Any CPU.Build.0 = Release|Any CPU
	EndGlobalSection
	GlobalSection(SolutionProperties) = preSolution
		HideSolutionNode = FALSE
	EndGlobalSection
	GlobalSection(ExtensibilityGlobals) = postSolution
		SolutionGuid = {A770DC84-2D33-4082-B359-37563E67BE1C}
	EndGlobalSection
EndGlobal
